
Microsoft Visual Studio Solution File, Format Version 12.00
# Visual Studio 14
VisualStudioVersion = 14.0.25420.1
MinimumVisualStudioVersion = 10.0.40219.1
Project("{FAE04EC0-301F-11D3-BF4B-00C04F79EFBC}") = "MongoDBSample", "MongoDBSample\MongoDBSample.csproj", "{5D21FD58-6232-41D6-BFEB-8FC2DDA715FF}"
EndProject
Global
	GlobalSection(SolutionConfigurationPlatforms) = preSolution
		Debug|Any CPU = Debug|Any CPU
		Release|Any CPU = Release|Any CPU
	EndGlobalSection
	GlobalSection(ProjectConfigurationPlatforms) = postSolution
		{5D21FD58-6232-41D6-BFEB-8FC2DDA715FF}.Debug|Any CPU.ActiveCfg = Debug|Any CPU
		{5D21FD58-6232-41D6-BFEB-8FC2DDA715FF}.Debug|Any CPU.Build.0 = Debug|Any CPU
		{5D21FD58-6232-41D6-BFEB-8FC2DDA715FF}.Release|Any CPU.ActiveCfg = Release|Any CPU
		{5D21FD58-6232-41D6-BFEB-8FC2DDA715FF}.Release|Any CPU.Build.0 = Release|Any CPU
	EndGlobalSection
	GlobalSection(SolutionProperties) = preSolution
		HideSolutionNode = FALSE
	EndGlobalSection
EndGlobal
